// !$*UTF8*$!
{
	archiveVersion = 1;
	classes = {
	};
	objectVersion = 50;
	objects = {

/* Begin PBXBuildFile section */
		6814833920AC350F0023276A /* AppDelegate.m in Sources */ = {isa = PBXBuildFile; fileRef = 6814833820AC350F0023276A /* AppDelegate.m */; };
		6814833C20AC350F0023276A /* ViewController.m in Sources */ = {isa = PBXBuildFile; fileRef = 6814833B20AC350F0023276A /* ViewController.m */; };
		6814834120AC35100023276A /* Assets.xcassets in Resources */ = {isa = PBXBuildFile; fileRef = 6814834020AC35100023276A /* Assets.xcassets */; };
		6814834420AC35100023276A /* LaunchScreen.storyboard in Resources */ = {isa = PBXBuildFile; fileRef = 6814834220AC35100023276A /* LaunchScreen.storyboard */; };
		6814834720AC35100023276A /* main.m in Sources */ = {isa = PBXBuildFile; fileRef = 6814834620AC35100023276A /* main.m */; };
		6814834F20AC35240023276A /* Utilssss.m in Sources */ = {isa = PBXBuildFile; fileRef = 6814834E20AC35240023276A /* Utilssss.m */; };
		6831B37020B7BEF80094A4BD /* CodingViewController.m in Sources */ = {isa = PBXBuildFile; fileRef = 6831B36E20B7BEF80094A4BD /* CodingViewController.m */; };
		6831B37120B7BEF80094A4BD /* CodingViewController.xib in Resources */ = {isa = PBXBuildFile; fileRef = 6831B36F20B7BEF80094A4BD /* CodingViewController.xib */; };
		6831B37420B7BF2E0094A4BD /* CodingModel.m in Sources */ = {isa = PBXBuildFile; fileRef = 6831B37320B7BF2E0094A4BD /* CodingModel.m */; };
		688516C820B7AFF8001588E9 /* KVOViewController.m in Sources */ = {isa = PBXBuildFile; fileRef = 688516C620B7AFF8001588E9 /* KVOViewController.m */; };
		688516C920B7AFF8001588E9 /* KVOViewController.xib in Resources */ = {isa = PBXBuildFile; fileRef = 688516C720B7AFF8001588E9 /* KVOViewController.xib */; };
		68D5CABC20AE61A9004A250C /* DYFuncViewController.m in Sources */ = {isa = PBXBuildFile; fileRef = 68D5CAB920AE61A9004A250C /* DYFuncViewController.m */; };
		68D5CABD20AE61A9004A250C /* DYFuncViewController.xib in Resources */ = {isa = PBXBuildFile; fileRef = 68D5CABB20AE61A9004A250C /* DYFuncViewController.xib */; };
		68D5CAC320AE625B004A250C /* FullMsgSendViewController.m in Sources */ = {isa = PBXBuildFile; fileRef = 68D5CAC120AE625B004A250C /* FullMsgSendViewController.m */; };
		68D5CAC420AE625B004A250C /* FullMsgSendViewController.xib in Resources */ = {isa = PBXBuildFile; fileRef = 68D5CAC220AE625B004A250C /* FullMsgSendViewController.xib */; };
		68D5CAC820AE626D004A250C /* ForwardingTargetViewController.m in Sources */ = {isa = PBXBuildFile; fileRef = 68D5CAC620AE626D004A250C /* ForwardingTargetViewController.m */; };
		68D5CAC920AE626D004A250C /* ForwardingTargetViewController.xib in Resources */ = {isa = PBXBuildFile; fileRef = 68D5CAC720AE626D004A250C /* ForwardingTargetViewController.xib */; };
		68D5CACE20AE6470004A250C /* UsingViewController.m in Sources */ = {isa = PBXBuildFile; fileRef = 68D5CACC20AE6470004A250C /* UsingViewController.m */; };
		68D5CACF20AE6470004A250C /* UsingViewController.xib in Resources */ = {isa = PBXBuildFile; fileRef = 68D5CACD20AE6470004A250C /* UsingViewController.xib */; };
		68D5CAD220AE6E47004A250C /* BaseViewController.m in Sources */ = {isa = PBXBuildFile; fileRef = 68D5CAD120AE6E47004A250C /* BaseViewController.m */; };
		CED2626C6A5C4D2710D7A1D2 /* Pods_TTestDemo.framework in Frameworks */ = {isa = PBXBuildFile; fileRef = 7F3A41B6559FD11045B3C034 /* Pods_TTestDemo.framework */; };
/* End PBXBuildFile section */

/* Begin PBXFileReference section */
		0905D5861087681394597BDF /* Pods-TTestDemo.debug.xcconfig */ = {isa = PBXFileReference; includeInIndex = 1; lastKnownFileType = text.xcconfig; name = "Pods-TTestDemo.debug.xcconfig"; path = "Pods/Target Support Files/Pods-TTestDemo/Pods-TTestDemo.debug.xcconfig"; sourceTree = "<group>"; };
		6814833420AC350F0023276A /* TTestDemo.app */ = {isa = PBXFileReference; explicitFileType = wrapper.application; includeInIndex = 0; path = TTestDemo.app; sourceTree = BUILT_PRODUCTS_DIR; };
		6814833720AC350F0023276A /* AppDelegate.h */ = {isa = PBXFileReference; lastKnownFileType = sourcecode.c.h; path = AppDelegate.h; sourceTree = "<group>"; };
		6814833820AC350F0023276A /* AppDelegate.m */ = {isa = PBXFileReference; lastKnownFileType = sourcecode.c.objc; path = AppDelegate.m; sourceTree = "<group>"; };
		6814833A20AC350F0023276A /* ViewController.h */ = {isa = PBXFileReference; lastKnownFileType = sourcecode.c.h; path = ViewController.h; sourceTree = "<group>"; };
		6814833B20AC350F0023276A /* ViewController.m */ = {isa = PBXFileReference; lastKnownFileType = sourcecode.c.objc; path = ViewController.m; sourceTree = "<group>"; };
		6814834020AC35100023276A /* Assets.xcassets */ = {isa = PBXFileReference; lastKnownFileType = folder.assetcatalog; path = Assets.xcassets; sourceTree = "<group>"; };
		6814834320AC35100023276A /* Base */ = {isa = PBXFileReference; lastKnownFileType = file.storyboard; name = Base; path = Base.lproj/LaunchScreen.storyboard; sourceTree = "<group>"; };
		6814834520AC35100023276A /* Info.plist */ = {isa = PBXFileReference; lastKnownFileType = text.plist.xml; path = Info.plist; sourceTree = "<group>"; };
		6814834620AC35100023276A /* main.m */ = {isa = PBXFileReference; lastKnownFileType = sourcecode.c.objc; path = main.m; sourceTree = "<group>"; };
		6814834D20AC35240023276A /* Utilssss.h */ = {isa = PBXFileReference; lastKnownFileType = sourcecode.c.h; path = Utilssss.h; sourceTree = "<group>"; };
		6814834E20AC35240023276A /* Utilssss.m */ = {isa = PBXFileReference; lastKnownFileType = sourcecode.c.objc; path = Utilssss.m; sourceTree = "<group>"; };
		6831B36D20B7BEF80094A4BD /* CodingViewController.h */ = {isa = PBXFileReference; lastKnownFileType = sourcecode.c.h; path = CodingViewController.h; sourceTree = "<group>"; };
		6831B36E20B7BEF80094A4BD /* CodingViewController.m */ = {isa = PBXFileReference; lastKnownFileType = sourcecode.c.objc; path = CodingViewController.m; sourceTree = "<group>"; };
		6831B36F20B7BEF80094A4BD /* CodingViewController.xib */ = {isa = PBXFileReference; lastKnownFileType = file.xib; path = CodingViewController.xib; sourceTree = "<group>"; };
		6831B37220B7BF2E0094A4BD /* CodingModel.h */ = {isa = PBXFileReference; lastKnownFileType = sourcecode.c.h; path = CodingModel.h; sourceTree = "<group>"; };
		6831B37320B7BF2E0094A4BD /* CodingModel.m */ = {isa = PBXFileReference; lastKnownFileType = sourcecode.c.objc; path = CodingModel.m; sourceTree = "<group>"; };
		688516C520B7AFF8001588E9 /* KVOViewController.h */ = {isa = PBXFileReference; lastKnownFileType = sourcecode.c.h; path = KVOViewController.h; sourceTree = "<group>"; };
		688516C620B7AFF8001588E9 /* KVOViewController.m */ = {isa = PBXFileReference; lastKnownFileType = sourcecode.c.objc; path = KVOViewController.m; sourceTree = "<group>"; };
		688516C720B7AFF8001588E9 /* KVOViewController.xib */ = {isa = PBXFileReference; lastKnownFileType = file.xib; path = KVOViewController.xib; sourceTree = "<group>"; };
		68D5CAB920AE61A9004A250C /* DYFuncViewController.m */ = {isa = PBXFileReference; fileEncoding = 4; lastKnownFileType = sourcecode.c.objc; path = DYFuncViewController.m; sourceTree = "<group>"; };
		68D5CABA20AE61A9004A250C /* DYFuncViewController.h */ = {isa = PBXFileReference; fileEncoding = 4; lastKnownFileType = sourcecode.c.h; path = DYFuncViewController.h; sourceTree = "<group>"; };
		68D5CABB20AE61A9004A250C /* DYFuncViewController.xib */ = {isa = PBXFileReference; fileEncoding = 4; lastKnownFileType = file.xib; path = DYFuncViewController.xib; sourceTree = "<group>"; };
		68D5CAC020AE625B004A250C /* FullMsgSendViewController.h */ = {isa = PBXFileReference; lastKnownFileType = sourcecode.c.h; path = FullMsgSendViewController.h; sourceTree = "<group>"; };
		68D5CAC120AE625B004A250C /* FullMsgSendViewController.m */ = {isa = PBXFileReference; lastKnownFileType = sourcecode.c.objc; path = FullMsgSendViewController.m; sourceTree = "<group>"; };
		68D5CAC220AE625B004A250C /* FullMsgSendViewController.xib */ = {isa = PBXFileReference; lastKnownFileType = file.xib; path = FullMsgSendViewController.xib; sourceTree = "<group>"; };
		68D5CAC520AE626D004A250C /* ForwardingTargetViewController.h */ = {isa = PBXFileReference; lastKnownFileType = sourcecode.c.h; path = ForwardingTargetViewController.h; sourceTree = "<group>"; };
		68D5CAC620AE626D004A250C /* ForwardingTargetViewController.m */ = {isa = PBXFileReference; lastKnownFileType = sourcecode.c.objc; path = ForwardingTargetViewController.m; sourceTree = "<group>"; };
		68D5CAC720AE626D004A250C /* ForwardingTargetViewController.xib */ = {isa = PBXFileReference; lastKnownFileType = file.xib; path = ForwardingTargetViewController.xib; sourceTree = "<group>"; };
		68D5CACB20AE6470004A250C /* UsingViewController.h */ = {isa = PBXFileReference; lastKnownFileType = sourcecode.c.h; path = UsingViewController.h; sourceTree = "<group>"; };
		68D5CACC20AE6470004A250C /* UsingViewController.m */ = {isa = PBXFileReference; lastKnownFileType = sourcecode.c.objc; path = UsingViewController.m; sourceTree = "<group>"; };
		68D5CACD20AE6470004A250C /* UsingViewController.xib */ = {isa = PBXFileReference; lastKnownFileType = file.xib; path = UsingViewController.xib; sourceTree = "<group>"; };
		68D5CAD020AE6E47004A250C /* BaseViewController.h */ = {isa = PBXFileReference; lastKnownFileType = sourcecode.c.h; path = BaseViewController.h; sourceTree = "<group>"; };
		68D5CAD120AE6E47004A250C /* BaseViewController.m */ = {isa = PBXFileReference; lastKnownFileType = sourcecode.c.objc; path = BaseViewController.m; sourceTree = "<group>"; };
		7F3A41B6559FD11045B3C034 /* Pods_TTestDemo.framework */ = {isa = PBXFileReference; explicitFileType = wrapper.framework; includeInIndex = 0; path = Pods_TTestDemo.framework; sourceTree = BUILT_PRODUCTS_DIR; };
		914DBD9DC6555A108C8BFC50 /* Pods-TTestDemo.release.xcconfig */ = {isa = PBXFileReference; includeInIndex = 1; lastKnownFileType = text.xcconfig; name = "Pods-TTestDemo.release.xcconfig"; path = "Pods/Target Support Files/Pods-TTestDemo/Pods-TTestDemo.release.xcconfig"; sourceTree = "<group>"; };
/* End PBXFileReference section */

/* Begin PBXFrameworksBuildPhase section */
		6814833120AC350F0023276A /* Frameworks */ = {
			isa = PBXFrameworksBuildPhase;
			buildActionMask = 2147483647;
			files = (
				CED2626C6A5C4D2710D7A1D2 /* Pods_TTestDemo.framework in Frameworks */,
			);
			runOnlyForDeploymentPostprocessing = 0;
		};
/* End PBXFrameworksBuildPhase section */

/* Begin PBXGroup section */
		10F914F1906B170A760D4477 /* Frameworks */ = {
			isa = PBXGroup;
			children = (
				7F3A41B6559FD11045B3C034 /* Pods_TTestDemo.framework */,
			);
			name = Frameworks;
			sourceTree = "<group>";
		};
		4BC6626863D7C22064572124 /* Pods */ = {
			isa = PBXGroup;
			children = (
				0905D5861087681394597BDF /* Pods-TTestDemo.debug.xcconfig */,
				914DBD9DC6555A108C8BFC50 /* Pods-TTestDemo.release.xcconfig */,
			);
			name = Pods;
			sourceTree = "<group>";
		};
		6814832B20AC350F0023276A = {
			isa = PBXGroup;
			children = (
				6814833620AC350F0023276A /* TTestDemo */,
				6814833520AC350F0023276A /* Products */,
				4BC6626863D7C22064572124 /* Pods */,
				10F914F1906B170A760D4477 /* Frameworks */,
			);
			sourceTree = "<group>";
		};
		6814833520AC350F0023276A /* Products */ = {
			isa = PBXGroup;
			children = (
				6814833420AC350F0023276A /* TTestDemo.app */,
			);
			name = Products;
			sourceTree = "<group>";
		};
		6814833620AC350F0023276A /* TTestDemo */ = {
			isa = PBXGroup;
			children = (
				68D5CAB220AE613D004A250C /* components */,
				6814833720AC350F0023276A /* AppDelegate.h */,
				6814833820AC350F0023276A /* AppDelegate.m */,
				6814833A20AC350F0023276A /* ViewController.h */,
				6814833B20AC350F0023276A /* ViewController.m */,
				6814834D20AC35240023276A /* Utilssss.h */,
				6814834E20AC35240023276A /* Utilssss.m */,
				6814834020AC35100023276A /* Assets.xcassets */,
				6814834220AC35100023276A /* LaunchScreen.storyboard */,
				6814834520AC35100023276A /* Info.plist */,
				6814834620AC35100023276A /* main.m */,
			);
			path = TTestDemo;
			sourceTree = "<group>";
		};
		6831B36C20B7BEED0094A4BD /* Coding */ = {
			isa = PBXGroup;
			children = (
				6831B36D20B7BEF80094A4BD /* CodingViewController.h */,
				6831B36E20B7BEF80094A4BD /* CodingViewController.m */,
				6831B36F20B7BEF80094A4BD /* CodingViewController.xib */,
				6831B37220B7BF2E0094A4BD /* CodingModel.h */,
				6831B37320B7BF2E0094A4BD /* CodingModel.m */,
			);
			path = Coding;
			sourceTree = "<group>";
		};
		688516C420B7AFEB001588E9 /* KVO */ = {
			isa = PBXGroup;
			children = (
				688516C520B7AFF8001588E9 /* KVOViewController.h */,
				688516C620B7AFF8001588E9 /* KVOViewController.m */,
				688516C720B7AFF8001588E9 /* KVOViewController.xib */,
			);
			path = KVO;
			sourceTree = "<group>";
		};
		68D5CAB220AE613D004A250C /* components */ = {
			isa = PBXGroup;
			children = (
				6831B36C20B7BEED0094A4BD /* Coding */,
				688516C420B7AFEB001588E9 /* KVO */,
				68D5CACA20AE645D004A250C /* RTUsing */,
				68D5CABE20AE6246004A250C /* ForwardingTarget */,
				68D5CABF20AE6246004A250C /* FullMsgSend */,
				68D5CAB820AE61A9004A250C /* DYFunc */,
				68D5CAD020AE6E47004A250C /* BaseViewController.h */,
				68D5CAD120AE6E47004A250C /* BaseViewController.m */,
			);
			path = components;
			sourceTree = "<group>";
		};
		68D5CAB820AE61A9004A250C /* DYFunc */ = {
			isa = PBXGroup;
			children = (
				68D5CABA20AE61A9004A250C /* DYFuncViewController.h */,
				68D5CAB920AE61A9004A250C /* DYFuncViewController.m */,
				68D5CABB20AE61A9004A250C /* DYFuncViewController.xib */,
			);
			path = DYFunc;
			sourceTree = "<group>";
		};
		68D5CABE20AE6246004A250C /* ForwardingTarget */ = {
			isa = PBXGroup;
			children = (
				68D5CAC520AE626D004A250C /* ForwardingTargetViewController.h */,
				68D5CAC620AE626D004A250C /* ForwardingTargetViewController.m */,
				68D5CAC720AE626D004A250C /* ForwardingTargetViewController.xib */,
			);
			path = ForwardingTarget;
			sourceTree = "<group>";
		};
		68D5CABF20AE6246004A250C /* FullMsgSend */ = {
			isa = PBXGroup;
			children = (
				68D5CAC020AE625B004A250C /* FullMsgSendViewController.h */,
				68D5CAC120AE625B004A250C /* FullMsgSendViewController.m */,
				68D5CAC220AE625B004A250C /* FullMsgSendViewController.xib */,
			);
			path = FullMsgSend;
			sourceTree = "<group>";
		};
		68D5CACA20AE645D004A250C /* RTUsing */ = {
			isa = PBXGroup;
			children = (
				68D5CACB20AE6470004A250C /* UsingViewController.h */,
				68D5CACC20AE6470004A250C /* UsingViewController.m */,
				68D5CACD20AE6470004A250C /* UsingViewController.xib */,
			);
			path = RTUsing;
			sourceTree = "<group>";
		};
/* End PBXGroup section */

/* Begin PBXNativeTarget section */
		6814833320AC350F0023276A /* TTestDemo */ = {
			isa = PBXNativeTarget;
			buildConfigurationList = 6814834A20AC35100023276A /* Build configuration list for PBXNativeTarget "TTestDemo" */;
			buildPhases = (
				EECF91DC75C17B2BE15945C5 /* [CP] Check Pods Manifest.lock */,
				6814833020AC350F0023276A /* Sources */,
				6814833120AC350F0023276A /* Frameworks */,
				6814833220AC350F0023276A /* Resources */,
				EB7E7A67B1E1F0BBCF6C4DB2 /* [CP] Embed Pods Frameworks */,
			);
			buildRules = (
			);
			dependencies = (
			);
			name = TTestDemo;
			productName = TTestDemo;
			productReference = 6814833420AC350F0023276A /* TTestDemo.app */;
			productType = "com.apple.product-type.application";
		};
/* End PBXNativeTarget section */

/* Begin PBXProject section */
		6814832C20AC350F0023276A /* Project object */ = {
			isa = PBXProject;
			attributes = {
				LastUpgradeCheck = 0930;
				ORGANIZATIONNAME = Bilos;
				TargetAttributes = {
					6814833320AC350F0023276A = {
						CreatedOnToolsVersion = 9.3;
					};
				};
			};
			buildConfigurationList = 6814832F20AC350F0023276A /* Build configuration list for PBXProject "TTestDemo" */;
			compatibilityVersion = "Xcode 9.3";
			developmentRegion = en;
			hasScannedForEncodings = 0;
			knownRegions = (
				en,
				Base,
			);
			mainGroup = 6814832B20AC350F0023276A;
			productRefGroup = 6814833520AC350F0023276A /* Products */;
			projectDirPath = "";
			projectRoot = "";
			targets = (
				6814833320AC350F0023276A /* TTestDemo */,
			);
		};
/* End PBXProject section */

/* Begin PBXResourcesBuildPhase section */
		6814833220AC350F0023276A /* Resources */ = {
			isa = PBXResourcesBuildPhase;
			buildActionMask = 2147483647;
			files = (
				6814834420AC35100023276A /* LaunchScreen.storyboard in Resources */,
				68D5CACF20AE6470004A250C /* UsingViewController.xib in Resources */,
				68D5CAC420AE625B004A250C /* FullMsgSendViewController.xib in Resources */,
				6814834120AC35100023276A /* Assets.xcassets in Resources */,
				6831B37120B7BEF80094A4BD /* CodingViewController.xib in Resources */,
				68D5CABD20AE61A9004A250C /* DYFuncViewController.xib in Resources */,
				68D5CAC920AE626D004A250C /* ForwardingTargetViewController.xib in Resources */,
				688516C920B7AFF8001588E9 /* KVOViewController.xib in Resources */,
			);
			runOnlyForDeploymentPostprocessing = 0;
		};
/* End PBXResourcesBuildPhase section */

/* Begin PBXShellScriptBuildPhase section */
		EB7E7A67B1E1F0BBCF6C4DB2 /* [CP] Embed Pods Frameworks */ = {
			isa = PBXShellScriptBuildPhase;
			buildActionMask = 2147483647;
			files = (
			);
			inputPaths = (
				"${SRCROOT}/Pods/Target Support Files/Pods-TTestDemo/Pods-TTestDemo-frameworks.sh",
				"${BUILT_PRODUCTS_DIR}/AFNetworking/AFNetworking.framework",
				"${BUILT_PRODUCTS_DIR}/FLKAutoLayout/FLKAutoLayout.framework",
				"${BUILT_PRODUCTS_DIR}/ORStackView/ORStackView.framework",
				"${BUILT_PRODUCTS_DIR}/SwiftyJSON/SwiftyJSON.framework",
			);
			name = "[CP] Embed Pods Frameworks";
			outputPaths = (
				"${TARGET_BUILD_DIR}/${FRAMEWORKS_FOLDER_PATH}/AFNetworking.framework",
				"${TARGET_BUILD_DIR}/${FRAMEWORKS_FOLDER_PATH}/FLKAutoLayout.framework",
				"${TARGET_BUILD_DIR}/${FRAMEWORKS_FOLDER_PATH}/ORStackView.framework",
				"${TARGET_BUILD_DIR}/${FRAMEWORKS_FOLDER_PATH}/SwiftyJSON.framework",
			);
			runOnlyForDeploymentPostprocessing = 0;
			shellPath = /bin/sh;
			shellScript = "\"${SRCROOT}/Pods/Target Support Files/Pods-TTestDemo/Pods-TTestDemo-frameworks.sh\"\n";
			showEnvVarsInLog = 0;
		};
		EECF91DC75C17B2BE15945C5 /* [CP] Check Pods Manifest.lock */ = {
			isa = PBXShellScriptBuildPhase;
			buildActionMask = 2147483647;
			files = (
			);
			inputPaths = (
				"${PODS_PODFILE_DIR_PATH}/Podfile.lock",
				"${PODS_ROOT}/Manifest.lock",
			);
			name = "[CP] Check Pods Manifest.lock";
			outputPaths = (
				"$(DERIVED_FILE_DIR)/Pods-TTestDemo-checkManifestLockResult.txt",
			);
			runOnlyForDeploymentPostprocessing = 0;
			shellPath = /bin/sh;
			shellScript = "diff \"${PODS_PODFILE_DIR_PATH}/Podfile.lock\" \"${PODS_ROOT}/Manifest.lock\" > /dev/null\nif [ $? != 0 ] ; then\n    # print error to STDERR\n    echo \"error: The sandbox is not in sync with the Podfile.lock. Run 'pod install' or update your CocoaPods installation.\" >&2\n    exit 1\nfi\n# This output is used by Xcode 'outputs' to avoid re-running this script phase.\necho \"SUCCESS\" > \"${SCRIPT_OUTPUT_FILE_0}\"\n";
			showEnvVarsInLog = 0;
		};
/* End PBXShellScriptBuildPhase section */

/* Begin PBXSourcesBuildPhase section */
		6814833020AC350F0023276A /* Sources */ = {
			isa = PBXSourcesBuildPhase;
			buildActionMask = 2147483647;
			files = (
				6814833C20AC350F0023276A /* ViewController.m in Sources */,
				6831B37420B7BF2E0094A4BD /* CodingModel.m in Sources */,
				68D5CAD220AE6E47004A250C /* BaseViewController.m in Sources */,
				68D5CAC320AE625B004A250C /* FullMsgSendViewController.m in Sources */,
				6831B37020B7BEF80094A4BD /* CodingViewController.m in Sources */,
				6814834720AC35100023276A /* main.m in Sources */,
				6814833920AC350F0023276A /* AppDelegate.m in Sources */,
				68D5CAC820AE626D004A250C /* ForwardingTargetViewController.m in Sources */,
				68D5CACE20AE6470004A250C /* UsingViewController.m in Sources */,
				68D5CABC20AE61A9004A250C /* DYFuncViewController.m in Sources */,
				6814834F20AC35240023276A /* Utilssss.m in Sources */,
				688516C820B7AFF8001588E9 /* KVOViewController.m in Sources */,
			);
			runOnlyForDeploymentPostprocessing = 0;
		};
/* End PBXSourcesBuildPhase section */

/* Begin PBXVariantGroup section */
		6814834220AC35100023276A /* LaunchScreen.storyboard */ = {
			isa = PBXVariantGroup;
			children = (
				6814834320AC35100023276A /* Base */,
			);
			name = LaunchScreen.storyboard;
			sourceTree = "<group>";
		};
/* End PBXVariantGroup section */

/* Begin XCBuildConfiguration section */
		6814834820AC35100023276A /* Debug */ = {
			isa = XCBuildConfiguration;
			buildSettings = {
				ALWAYS_SEARCH_USER_PATHS = NO;
				CLANG_ANALYZER_NONNULL = YES;
				CLANG_ANALYZER_NUMBER_OBJECT_CONVERSION = YES_AGGRESSIVE;
				CLANG_CXX_LANGUAGE_STANDARD = "gnu++14";
				CLANG_CXX_LIBRARY = "libc++";
				CLANG_ENABLE_MODULES = YES;
				CLANG_ENABLE_OBJC_ARC = YES;
				CLANG_ENABLE_OBJC_WEAK = YES;
				CLANG_WARN_BLOCK_CAPTURE_AUTORELEASING = YES;
				CLANG_WARN_BOOL_CONVERSION = YES;
				CLANG_WARN_COMMA = YES;
				CLANG_WARN_CONSTANT_CONVERSION = YES;
				CLANG_WARN_DEPRECATED_OBJC_IMPLEMENTATIONS = YES;
				CLANG_WARN_DIRECT_OBJC_ISA_USAGE = YES_ERROR;
				CLANG_WARN_DOCUMENTATION_COMMENTS = YES;
				CLANG_WARN_EMPTY_BODY = YES;
				CLANG_WARN_ENUM_CONVERSION = YES;
				CLANG_WARN_INFINITE_RECURSION = YES;
				CLANG_WARN_INT_CONVERSION = YES;
				CLANG_WARN_NON_LITERAL_NULL_CONVERSION = YES;
				CLANG_WARN_OBJC_IMPLICIT_RETAIN_SELF = YES;
				CLANG_WARN_OBJC_LITERAL_CONVERSION = YES;
				CLANG_WARN_OBJC_ROOT_CLASS = YES_ERROR;
				CLANG_WARN_RANGE_LOOP_ANALYSIS = YES;
				CLANG_WARN_STRICT_PROTOTYPES = YES;
				CLANG_WARN_SUSPICIOUS_MOVE = YES;
				CLANG_WARN_UNGUARDED_AVAILABILITY = YES_AGGRESSIVE;
				CLANG_WARN_UNREACHABLE_CODE = YES;
				CLANG_WARN__DUPLICATE_METHOD_MATCH = YES;
				CODE_SIGN_IDENTITY = "iPhone Developer";
				COPY_PHASE_STRIP = NO;
				DEBUG_INFORMATION_FORMAT = dwarf;
				ENABLE_STRICT_OBJC_MSGSEND = YES;
				ENABLE_TESTABILITY = YES;
				GCC_C_LANGUAGE_STANDARD = gnu11;
				GCC_DYNAMIC_NO_PIC = NO;
				GCC_NO_COMMON_BLOCKS = YES;
				GCC_OPTIMIZATION_LEVEL = 0;
				GCC_PREPROCESSOR_DEFINITIONS = (
					"DEBUG=1",
					"$(inherited)",
				);
				GCC_WARN_64_TO_32_BIT_CONVERSION = YES;
				GCC_WARN_ABOUT_RETURN_TYPE = YES_ERROR;
				GCC_WARN_UNDECLARED_SELECTOR = YES;
				GCC_WARN_UNINITIALIZED_AUTOS = YES_AGGRESSIVE;
				GCC_WARN_UNUSED_FUNCTION = YES;
				GCC_WARN_UNUSED_VARIABLE = YES;
				IPHONEOS_DEPLOYMENT_TARGET = 11.3;
				MTL_ENABLE_DEBUG_INFO = YES;
				ONLY_ACTIVE_ARCH = YES;
				SDKROOT = iphoneos;
			};
			name = Debug;
		};
		6814834920AC35100023276A /* Release */ = {
			isa = XCBuildConfiguration;
			buildSettings = {
				ALWAYS_SEARCH_USER_PATHS = NO;
				CLANG_ANALYZER_NONNULL = YES;
				CLANG_ANALYZER_NUMBER_OBJECT_CONVERSION = YES_AGGRESSIVE;
				CLANG_CXX_LANGUAGE_STANDARD = "gnu++14";
				CLANG_CXX_LIBRARY = "libc++";
				CLANG_ENABLE_MODULES = YES;
				CLANG_ENABLE_OBJC_ARC = YES;
				CLANG_ENABLE_OBJC_WEAK = YES;
				CLANG_WARN_BLOCK_CAPTURE_AUTORELEASING = YES;
				CLANG_WARN_BOOL_CONVERSION = YES;
				CLANG_WARN_COMMA = YES;
				CLANG_WARN_CONSTANT_CONVERSION = YES;
				CLANG_WARN_DEPRECATED_OBJC_IMPLEMENTATIONS = YES;
				CLANG_WARN_DIRECT_OBJC_ISA_USAGE = YES_ERROR;
				CLANG_WARN_DOCUMENTATION_COMMENTS = YES;
				CLANG_WARN_EMPTY_BODY = YES;
				CLANG_WARN_ENUM_CONVERSION = YES;
				CLANG_WARN_INFINITE_RECURSION = YES;
				CLANG_WARN_INT_CONVERSION = YES;
				CLANG_WARN_NON_LITERAL_NULL_CONVERSION = YES;
				CLANG_WARN_OBJC_IMPLICIT_RETAIN_SELF = YES;
				CLANG_WARN_OBJC_LITERAL_CONVERSION = YES;
				CLANG_WARN_OBJC_ROOT_CLASS = YES_ERROR;
				CLANG_WARN_RANGE_LOOP_ANALYSIS = YES;
				CLANG_WARN_STRICT_PROTOTYPES = YES;
				CLANG_WARN_SUSPICIOUS_MOVE = YES;
				CLANG_WARN_UNGUARDED_AVAILABILITY = YES_AGGRESSIVE;
				CLANG_WARN_UNREACHABLE_CODE = YES;
				CLANG_WARN__DUPLICATE_METHOD_MATCH = YES;
				CODE_SIGN_IDENTITY = "iPhone Developer";
				COPY_PHASE_STRIP = NO;
				DEBUG_INFORMATION_FORMAT = "dwarf-with-dsym";
				ENABLE_NS_ASSERTIONS = NO;
				ENABLE_STRICT_OBJC_MSGSEND = YES;
				GCC_C_LANGUAGE_STANDARD = gnu11;
				GCC_NO_COMMON_BLOCKS = YES;
				GCC_WARN_64_TO_32_BIT_CONVERSION = YES;
				GCC_WARN_ABOUT_RETURN_TYPE = YES_ERROR;
				GCC_WARN_UNDECLARED_SELECTOR = YES;
				GCC_WARN_UNINITIALIZED_AUTOS = YES_AGGRESSIVE;
				GCC_WARN_UNUSED_FUNCTION = YES;
				GCC_WARN_UNUSED_VARIABLE = YES;
				IPHONEOS_DEPLOYMENT_TARGET = 11.3;
				MTL_ENABLE_DEBUG_INFO = NO;
				SDKROOT = iphoneos;
				VALIDATE_PRODUCT = YES;
			};
			name = Release;
		};
		6814834B20AC35100023276A /* Debug */ = {
			isa = XCBuildConfiguration;
			baseConfigurationReference = 0905D5861087681394597BDF /* Pods-TTestDemo.debug.xcconfig */;
			buildSettings = {
				ASSETCATALOG_COMPILER_APPICON_NAME = AppIcon;
				CODE_SIGN_STYLE = Automatic;
				DEVELOPMENT_TEAM = 7K585UHPBB;
				INFOPLIST_FILE = TTestDemo/Info.plist;
				LD_RUNPATH_SEARCH_PATHS = (
					"$(inherited)",
					"@executable_path/Frameworks",
				);
				PRODUCT_BUNDLE_IDENTIFIER = Bilos.TTestDemo;
				PRODUCT_NAME = "$(TARGET_NAME)";
				TARGETED_DEVICE_FAMILY = "1,2";
			};
			name = Debug;
		};
		6814834C20AC35100023276A /* Release */ = {
			isa = XCBuildConfiguration;
			baseConfigurationReference = 914DBD9DC6555A108C8BFC50 /* Pods-TTestDemo.release.xcconfig */;
			buildSettings = {
				ASSETCATALOG_COMPILER_APPICON_NAME = AppIcon;
				CODE_SIGN_STYLE = Automatic;
				DEVELOPMENT_TEAM = 7K585UHPBB;
				INFOPLIST_FILE = TTestDemo/Info.plist;
				LD_RUNPATH_SEARCH_PATHS = (
					"$(inherited)",
					"@executable_path/Frameworks",
				);
				PRODUCT_BUNDLE_IDENTIFIER = Bilos.TTestDemo;
				PRODUCT_NAME = "$(TARGET_NAME)";
				TARGETED_DEVICE_FAMILY = "1,2";
			};
			name = Release;
		};
/* End XCBuildConfiguration section */

/* Begin XCConfigurationList section */
		6814832F20AC350F0023276A /* Build configuration list for PBXProject "TTestDemo" */ = {
			isa = XCConfigurationList;
			buildConfigurations = (
				6814834820AC35100023276A /* Debug */,
				6814834920AC35100023276A /* Release */,
			);
			defaultConfigurationIsVisible = 0;
			defaultConfigurationName = Release;
		};
		6814834A20AC35100023276A /* Build configuration list for PBXNativeTarget "TTestDemo" */ = {
			isa = XCConfigurationList;
			buildConfigurations = (
				6814834B20AC35100023276A /* Debug */,
				6814834C20AC35100023276A /* Release */,
			);
			defaultConfigurationIsVisible = 0;
			defaultConfigurationName = Release;
		};
/* End XCConfigurationList section */
	};
	rootObject = 6814832C20AC350F0023276A /* Project object */;
}
